
Microsoft Visual Studio Solution File, Format Version 12.00
# Visual Studio Version 17
VisualStudioVersion = 17.12.35527.113 d17.12
MinimumVisualStudioVersion = 10.0.40219.1
Project("{FAE04EC0-301F-11D3-BF4B-00C04F79EFBC}") = "ITLATV+", "ITLATV+\ITLATV+.csproj", "{22CA57F8-6A47-45E7-AA5D-32CBFBB77DF6}"
EndProject
Project("{2150E333-8FDC-42A3-9474-1A3956D46DE8}") = "Source", "Source", "{CE85AAE1-3E40-4A64-AAAA-CD58F47F066F}"
EndProject
Project("{2150E333-8FDC-42A3-9474-1A3956D46DE8}") = "Core", "Core", "{04B95F84-AA8A-47CA-A383-A9D3C1AAD1A0}"
EndProject
Project("{FAE04EC0-301F-11D3-BF4B-00C04F79EFBC}") = "ITLATV+.Core.Application", "ITLATV+.Core.Application\ITLATV+.Core.Application.csproj", "{1C3BF01D-7EED-4953-8C36-83B8E96F56F1}"
EndProject
Project("{FAE04EC0-301F-11D3-BF4B-00C04F79EFBC}") = "ITLATV+.Core.Domain", "ITLATV+.Core.Domain\ITLATV+.Core.Domain.csproj", "{905FC7DD-F1B0-4095-8A38-E0A31CCF4419}"
EndProject
Project("{2150E333-8FDC-42A3-9474-1A3956D46DE8}") = "Infrastructure", "Infrastructure", "{71882243-3784-4C82-B2E3-022C2223DE63}"
EndProject
Project("{FAE04EC0-301F-11D3-BF4B-00C04F79EFBC}") = "ITLATV+.Infrastructure.Persistence", "ITLATV+.Infrastructure.Persistence\ITLATV+.Infrastructure.Persistence.csproj", "{A15E84A4-AAC0-4639-BA5D-DADA6A4BE828}"
EndProject
Project("{2150E333-8FDC-42A3-9474-1A3956D46DE8}") = "Presentation", "Presentation", "{C2A52510-8DEE-4DCE-8486-416402DA6764}"
EndProject
Global
	GlobalSection(SolutionConfigurationPlatforms) = preSolution
		Debug|Any CPU = Debug|Any CPU
		Release|Any CPU = Release|Any CPU
	EndGlobalSection
	GlobalSection(ProjectConfigurationPlatforms) = postSolution
		{22CA57F8-6A47-45E7-AA5D-32CBFBB77DF6}.Debug|Any CPU.ActiveCfg = Debug|Any CPU
		{22CA57F8-6A47-45E7-AA5D-32CBFBB77DF6}.Debug|Any CPU.Build.0 = Debug|Any CPU
		{22CA57F8-6A47-45E7-AA5D-32CBFBB77DF6}.Release|Any CPU.ActiveCfg = Release|Any CPU
		{22CA57F8-6A47-45E7-AA5D-32CBFBB77DF6}.Release|Any CPU.Build.0 = Release|Any CPU
		{1C3BF01D-7EED-4953-8C36-83B8E96F56F1}.Debug|Any CPU.ActiveCfg = Debug|Any CPU
		{1C3BF01D-7EED-4953-8C36-83B8E96F56F1}.Debug|Any CPU.Build.0 = Debug|Any CPU
		{1C3BF01D-7EED-4953-8C36-83B8E96F56F1}.Release|Any CPU.ActiveCfg = Release|Any CPU
		{1C3BF01D-7EED-4953-8C36-83B8E96F56F1}.Release|Any CPU.Build.0 = Release|Any CPU
		{905FC7DD-F1B0-4095-8A38-E0A31CCF4419}.Debug|Any CPU.ActiveCfg = Debug|Any CPU
		{905FC7DD-F1B0-4095-8A38-E0A31CCF4419}.Debug|Any CPU.Build.0 = Debug|Any CPU
		{905FC7DD-F1B0-4095-8A38-E0A31CCF4419}.Release|Any CPU.ActiveCfg = Release|Any CPU
		{905FC7DD-F1B0-4095-8A38-E0A31CCF4419}.Release|Any CPU.Build.0 = Release|Any CPU
		{A15E84A4-AAC0-4639-BA5D-DADA6A4BE828}.Debug|Any CPU.ActiveCfg = Debug|Any CPU
		{A15E84A4-AAC0-4639-BA5D-DADA6A4BE828}.Debug|Any CPU.Build.0 = Debug|Any CPU
		{A15E84A4-AAC0-4639-BA5D-DADA6A4BE828}.Release|Any CPU.ActiveCfg = Release|Any CPU
		{A15E84A4-AAC0-4639-BA5D-DADA6A4BE828}.Release|Any CPU.Build.0 = Release|Any CPU
	EndGlobalSection
	GlobalSection(SolutionProperties) = preSolution
		HideSolutionNode = FALSE
	EndGlobalSection
	GlobalSection(NestedProjects) = preSolution
		{22CA57F8-6A47-45E7-AA5D-32CBFBB77DF6} = {C2A52510-8DEE-4DCE-8486-416402DA6764}
		{04B95F84-AA8A-47CA-A383-A9D3C1AAD1A0} = {CE85AAE1-3E40-4A64-AAAA-CD58F47F066F}
		{1C3BF01D-7EED-4953-8C36-83B8E96F56F1} = {04B95F84-AA8A-47CA-A383-A9D3C1AAD1A0}
		{905FC7DD-F1B0-4095-8A38-E0A31CCF4419} = {04B95F84-AA8A-47CA-A383-A9D3C1AAD1A0}
		{71882243-3784-4C82-B2E3-022C2223DE63} = {CE85AAE1-3E40-4A64-AAAA-CD58F47F066F}
		{A15E84A4-AAC0-4639-BA5D-DADA6A4BE828} = {71882243-3784-4C82-B2E3-022C2223DE63}
		{C2A52510-8DEE-4DCE-8486-416402DA6764} = {CE85AAE1-3E40-4A64-AAAA-CD58F47F066F}
	EndGlobalSection
EndGlobal
